
Microsoft Visual Studio Solution File, Format Version 12.00
# Visual Studio Version 16
VisualStudioVersion = 16.0.32002.261
MinimumVisualStudioVersion = 10.0.40219.1
Project("{FAE04EC0-301F-11D3-BF4B-00C04F79EFBC}") = "E-commerce-ASP", "E-commerce-ASP\E-commerce-ASP.csproj", "{0E943948-AACE-44D2-AA05-2B49EE0C37E4}"
EndProject
Global
	GlobalSection(SolutionConfigurationPlatforms) = preSolution
		Debug|Any CPU = Debug|Any CPU
		Release|Any CPU = Release|Any CPU
	EndGlobalSection
	GlobalSection(ProjectConfigurationPlatforms) = postSolution
		{0E943948-AACE-44D2-AA05-2B49EE0C37E4}.Debug|Any CPU.ActiveCfg = Debug|Any CPU
		{0E943948-AACE-44D2-AA05-2B49EE0C37E4}.Debug|Any CPU.Build.0 = Debug|Any CPU
		{0E943948-AACE-44D2-AA05-2B49EE0C37E4}.Release|Any CPU.ActiveCfg = Release|Any CPU
		{0E943948-AACE-44D2-AA05-2B49EE0C37E4}.Release|Any CPU.Build.0 = Release|Any CPU
	EndGlobalSection
	GlobalSection(SolutionProperties) = preSolution
		HideSolutionNode = FALSE
	EndGlobalSection
	GlobalSection(ExtensibilityGlobals) = postSolution
		SolutionGuid = {B5197DB4-9D00-47FF-B60E-9049357AB2BC}
	EndGlobalSection
EndGlobal
